
Microsoft Visual Studio Solution File, Format Version 12.00
# Visual Studio 15
VisualStudioVersion = 15.0.28010.2046
MinimumVisualStudioVersion = 10.0.40219.1
Project("{FAE04EC0-301F-11D3-BF4B-00C04F79EFBC}") = "SimpleVideoPlayer", "SimpleVideoPlayer\SimpleVideoPlayer\SimpleVideoPlayer.csproj", "{9F1CB6DB-84DF-4B16-AA2E-E90495EF4C6C}"
EndProject
Project("{FAE04EC0-301F-11D3-BF4B-00C04F79EFBC}") = "SimpleVideoPlayer.Tizen", "SimpleVideoPlayer\SimpleVideoPlayer.Tizen\SimpleVideoPlayer.Tizen.csproj", "{1331B8B0-7226-4380-A08E-8FA42B15BC5F}"
EndProject
Global
	GlobalSection(SolutionConfigurationPlatforms) = preSolution
		Debug|Any CPU = Debug|Any CPU
		Release|Any CPU = Release|Any CPU
	EndGlobalSection
	GlobalSection(ProjectConfigurationPlatforms) = postSolution
		{9F1CB6DB-84DF-4B16-AA2E-E90495EF4C6C}.Debug|Any CPU.ActiveCfg = Debug|Any CPU
		{9F1CB6DB-84DF-4B16-AA2E-E90495EF4C6C}.Debug|Any CPU.Build.0 = Debug|Any CPU
		{9F1CB6DB-84DF-4B16-AA2E-E90495EF4C6C}.Release|Any CPU.ActiveCfg = Release|Any CPU
		{9F1CB6DB-84DF-4B16-AA2E-E90495EF4C6C}.Release|Any CPU.Build.0 = Release|Any CPU
		{1331B8B0-7226-4380-A08E-8FA42B15BC5F}.Debug|Any CPU.ActiveCfg = Debug|Any CPU
		{1331B8B0-7226-4380-A08E-8FA42B15BC5F}.Debug|Any CPU.Build.0 = Debug|Any CPU
		{1331B8B0-7226-4380-A08E-8FA42B15BC5F}.Release|Any CPU.ActiveCfg = Release|Any CPU
		{1331B8B0-7226-4380-A08E-8FA42B15BC5F}.Release|Any CPU.Build.0 = Release|Any CPU
	EndGlobalSection
	GlobalSection(SolutionProperties) = preSolution
		HideSolutionNode = FALSE
	EndGlobalSection
	GlobalSection(ExtensibilityGlobals) = postSolution
		SolutionGuid = {625202B5-6443-4ECE-AE82-107AA5E6217E}
	EndGlobalSection
EndGlobal
